
Microsoft Visual Studio Solution File, Format Version 12.00
# Visual Studio Version 16
VisualStudioVersion = 16.0.30002.166
MinimumVisualStudioVersion = 10.0.40219.1
Project("{8BC9CEB8-8B4A-11D0-8D11-00A0C91BC942}") = "Homework 0.1", "Homework 0.1\Homework 0.1.vcxproj", "{2C8516F4-3F23-4BD5-9623-5A6D0241F6E0}"
EndProject
Global
	GlobalSection(SolutionConfigurationPlatforms) = preSolution
		Debug|x64 = Debug|x64
		Debug|x86 = Debug|x86
		Release|x64 = Release|x64
		Release|x86 = Release|x86
	EndGlobalSection
	GlobalSection(ProjectConfigurationPlatforms) = postSolution
		{2C8516F4-3F23-4BD5-9623-5A6D0241F6E0}.Debug|x64.ActiveCfg = Debug|x64
		{2C8516F4-3F23-4BD5-9623-5A6D0241F6E0}.Debug|x64.Build.0 = Debug|x64
		{2C8516F4-3F23-4BD5-9623-5A6D0241F6E0}.Debug|x86.ActiveCfg = Debug|Win32
		{2C8516F4-3F23-4BD5-9623-5A6D0241F6E0}.Debug|x86.Build.0 = Debug|Win32
		{2C8516F4-3F23-4BD5-9623-5A6D0241F6E0}.Release|x64.ActiveCfg = Release|x64
		{2C8516F4-3F23-4BD5-9623-5A6D0241F6E0}.Release|x64.Build.0 = Release|x64
		{2C8516F4-3F23-4BD5-9623-5A6D0241F6E0}.Release|x86.ActiveCfg = Release|Win32
		{2C8516F4-3F23-4BD5-9623-5A6D0241F6E0}.Release|x86.Build.0 = Release|Win32
	EndGlobalSection
	GlobalSection(SolutionProperties) = preSolution
		HideSolutionNode = FALSE
	EndGlobalSection
	GlobalSection(ExtensibilityGlobals) = postSolution
		SolutionGuid = {63DA3173-2C9B-4317-9DD3-7C4211C96CE6}
	EndGlobalSection
EndGlobal
